NeoBundleLock Lucius 1303dfe2a9e4d048e2e457271cfdc16cbc1395fb
NeoBundleLock Zenburn 1303dfe2a9e4d048e2e457271cfdc16cbc1395fb
NeoBundleLock jellybeans.vim 1303dfe2a9e4d048e2e457271cfdc16cbc1395fb
NeoBundleLock molokai 1303dfe2a9e4d048e2e457271cfdc16cbc1395fb
NeoBundleLock mrkn256.vim 1303dfe2a9e4d048e2e457271cfdc16cbc1395fb
NeoBundleLock mustang-vim 1303dfe2a9e4d048e2e457271cfdc16cbc1395fb
NeoBundleLock neobundle.vim e4e6766e7bbcac9b7048ee247f02af9020b9df29
NeoBundleLock neosnippet-snippets 1303dfe2a9e4d048e2e457271cfdc16cbc1395fb
NeoBundleLock neosnippet.vim 1303dfe2a9e4d048e2e457271cfdc16cbc1395fb
NeoBundleLock sudo.vim 1303dfe2a9e4d048e2e457271cfdc16cbc1395fb
NeoBundleLock unite-colorscheme 1303dfe2a9e4d048e2e457271cfdc16cbc1395fb
NeoBundleLock unite.vim 1303dfe2a9e4d048e2e457271cfdc16cbc1395fb
NeoBundleLock vim-autoclose a9a3b7384657bc1f60a963fd6c08c63fc48d61c3
NeoBundleLock vim-colors-solarized 1303dfe2a9e4d048e2e457271cfdc16cbc1395fb
NeoBundleLock vim-colors-wombat 1303dfe2a9e4d048e2e457271cfdc16cbc1395fb
NeoBundleLock vim-pyte 1303dfe2a9e4d048e2e457271cfdc16cbc1395fb
NeoBundleLock vim-railscasts-theme 1303dfe2a9e4d048e2e457271cfdc16cbc1395fb
NeoBundleLock vim-vitamins 1303dfe2a9e4d048e2e457271cfdc16cbc1395fb
