NeoBundleLock mrkn256.vim 84902331e794d119572a44447524082c6cae0a94
NeoBundleLock unite-colorscheme 84902331e794d119572a44447524082c6cae0a94
NeoBundleLock unite.vim 84902331e794d119572a44447524082c6cae0a94
NeoBundleLock neosnippet-snippets 84902331e794d119572a44447524082c6cae0a94
NeoBundleLock molokai 84902331e794d119572a44447524082c6cae0a94
NeoBundleLock vim-railscasts-theme 84902331e794d119572a44447524082c6cae0a94
NeoBundleLock jellybeans.vim 84902331e794d119572a44447524082c6cae0a94
NeoBundleLock mustang-vim 84902331e794d119572a44447524082c6cae0a94
NeoBundleLock vim-vitamins 84902331e794d119572a44447524082c6cae0a94
NeoBundleLock vim-pyte 84902331e794d119572a44447524082c6cae0a94
NeoBundleLock neosnippet.vim 84902331e794d119572a44447524082c6cae0a94
NeoBundleLock vim-autoclose a9a3b7384657bc1f60a963fd6c08c63fc48d61c3
NeoBundleLock Zenburn 84902331e794d119572a44447524082c6cae0a94
NeoBundleLock vim-colors-solarized 84902331e794d119572a44447524082c6cae0a94
NeoBundleLock vim-colors-wombat 84902331e794d119572a44447524082c6cae0a94
NeoBundleLock Lucius 84902331e794d119572a44447524082c6cae0a94
NeoBundleLock neobundle.vim 4a3bb7fb323b62f571c22ff15139fe996dc60ac8
NeoBundleLock sudo.vim 84902331e794d119572a44447524082c6cae0a94
