NeoBundleLock mrkn256.vim 038b1839405a32e2547289e9d0cdc666d874a6fb
NeoBundleLock unite-colorscheme 3aa33866a183f7659594a3f6b66b2334eaebc6a0
NeoBundleLock unite.vim 10deba49809a0a4905a885ef36fc77d85f7f6923
NeoBundleLock neosnippet-snippets 2b8a3fb4f429be5c58ae7d4097eb2f1bc67aae9d
NeoBundleLock molokai db8ce13b3737d3ddea8368498183d7c204a762eb
NeoBundleLock vim-railscasts-theme 9035daff38dbbd30229890f26e54d9a7a71deca3
NeoBundleLock jellybeans.vim 0761708c890becd3e027551068e0ae272da003e0
NeoBundleLock mustang-vim 6533d7d21bf27cae94d9c2caa575f627f003dfd5
NeoBundleLock vim-vitamins 3668d3b2017c1715cfcf81259e2bb26e70f0884f
NeoBundleLock vim-pyte a1071f30656b26645b69f59e1e05257829a39620
NeoBundleLock neosnippet.vim ee1246a61bb757019fa16596a8dd1ad63c83f158
NeoBundleLock Zenburn 33e67af2418e4775c2a7abc6e8fef401e697e1eb
NeoBundleLock vim-colors-solarized 528a59f26d12278698bb946f8fb82a63711eec21
NeoBundleLock vim-colors-wombat fb44c8db8563946de191b1856e3cfffe0cdb622d
NeoBundleLock Lucius 4cac9d35c964e9c77288c02d6e5b45f93ab1b6f9
NeoBundleLock neobundle.vim c95539b8ec2c89d2182b514b665f795f7bb4fc11
NeoBundleLock sudo.vim 060f0250d6f399d1cf9b15eaad3d55b3fbad4b0d
